
Microsoft Visual Studio Solution File, Format Version 12.00
# Visual Studio Version 17
VisualStudioVersion = 17.9.34714.143
MinimumVisualStudioVersion = 10.0.40219.1
Project("{9A19103F-16F7-4668-BE54-9A1E7A4F7556}") = "WebForTest", "WebForTest.csproj", "{18B08CE7-D957-49F1-9DE8-0FB9D46D5701}"
EndProject
Global
	GlobalSection(SolutionConfigurationPlatforms) = preSolution
		Debug|Any CPU = Debug|Any CPU
		Release|Any CPU = Release|Any CPU
	EndGlobalSection
	GlobalSection(ProjectConfigurationPlatforms) = postSolution
		{18B08CE7-D957-49F1-9DE8-0FB9D46D5701}.Debug|Any CPU.ActiveCfg = Debug|Any CPU
		{18B08CE7-D957-49F1-9DE8-0FB9D46D5701}.Debug|Any CPU.Build.0 = Debug|Any CPU
		{18B08CE7-D957-49F1-9DE8-0FB9D46D5701}.Release|Any CPU.ActiveCfg = Release|Any CPU
		{18B08CE7-D957-49F1-9DE8-0FB9D46D5701}.Release|Any CPU.Build.0 = Release|Any CPU
	EndGlobalSection
	GlobalSection(SolutionProperties) = preSolution
		HideSolutionNode = FALSE
	EndGlobalSection
	GlobalSection(ExtensibilityGlobals) = postSolution
		SolutionGuid = {96D5B8AB-2143-4F15-9E2D-1A35F9B0DBC3}
	EndGlobalSection
EndGlobal
